
Microsoft Visual Studio Solution File, Format Version 12.00
# Visual Studio Version 17
VisualStudioVersion = 17.0.31903.59
MinimumVisualStudioVersion = 10.0.40219.1
Project("{FAE04EC0-301F-11D3-BF4B-00C04F79EFBC}") = "Bank.Domain", "Bank.Domain\Bank.Domain.csproj", "{8409A8B4-683B-4243-8F7C-F483B220B91F}"
EndProject
Project("{FAE04EC0-301F-11D3-BF4B-00C04F79EFBC}") = "Bank.Domain.Tests", "Bank.Domain.Tests\Bank.Domain.Tests.csproj", "{C5A75350-57C6-4E59-AB9E-F5EFA8938790}"
EndProject
Global
	GlobalSection(SolutionConfigurationPlatforms) = preSolution
		Debug|Any CPU = Debug|Any CPU
		Release|Any CPU = Release|Any CPU
	EndGlobalSection
	GlobalSection(SolutionProperties) = preSolution
		HideSolutionNode = FALSE
	EndGlobalSection
	GlobalSection(ProjectConfigurationPlatforms) = postSolution
		{8409A8B4-683B-4243-8F7C-F483B220B91F}.Debug|Any CPU.ActiveCfg = Debug|Any CPU
		{8409A8B4-683B-4243-8F7C-F483B220B91F}.Debug|Any CPU.Build.0 = Debug|Any CPU
		{8409A8B4-683B-4243-8F7C-F483B220B91F}.Release|Any CPU.ActiveCfg = Release|Any CPU
		{8409A8B4-683B-4243-8F7C-F483B220B91F}.Release|Any CPU.Build.0 = Release|Any CPU
		{C5A75350-57C6-4E59-AB9E-F5EFA8938790}.Debug|Any CPU.ActiveCfg = Debug|Any CPU
		{C5A75350-57C6-4E59-AB9E-F5EFA8938790}.Debug|Any CPU.Build.0 = Debug|Any CPU
		{C5A75350-57C6-4E59-AB9E-F5EFA8938790}.Release|Any CPU.ActiveCfg = Release|Any CPU
		{C5A75350-57C6-4E59-AB9E-F5EFA8938790}.Release|Any CPU.Build.0 = Release|Any CPU
	EndGlobalSection
EndGlobal
